
Microsoft Visual Studio Solution File, Format Version 12.00
# Visual Studio Version 16
VisualStudioVersion = 16.0.28729.10
MinimumVisualStudioVersion = 10.0.40219.1
Project("{FAE04EC0-301F-11D3-BF4B-00C04F79EFBC}") = "Gendarme", "Gendarme\Gendarme.csproj", "{B7C9860B-86D0-4B97-A228-532842BE5BDD}"
EndProject
Global
	GlobalSection(SolutionConfigurationPlatforms) = preSolution
		Debug|Any CPU = Debug|Any CPU
		Release|Any CPU = Release|Any CPU
	EndGlobalSection
	GlobalSection(ProjectConfigurationPlatforms) = postSolution
		{B7C9860B-86D0-4B97-A228-532842BE5BDD}.Debug|Any CPU.ActiveCfg = Debug|Any CPU
		{B7C9860B-86D0-4B97-A228-532842BE5BDD}.Debug|Any CPU.Build.0 = Debug|Any CPU
		{B7C9860B-86D0-4B97-A228-532842BE5BDD}.Release|Any CPU.ActiveCfg = Release|Any CPU
		{B7C9860B-86D0-4B97-A228-532842BE5BDD}.Release|Any CPU.Build.0 = Release|Any CPU
	EndGlobalSection
	GlobalSection(SolutionProperties) = preSolution
		HideSolutionNode = FALSE
	EndGlobalSection
	GlobalSection(ExtensibilityGlobals) = postSolution
		SolutionGuid = {A8CAAA09-B089-41D7-8873-9AF8AA398678}
	EndGlobalSection
EndGlobal
